
Microsoft Visual Studio Solution File, Format Version 12.00
# Visual Studio 15
VisualStudioVersion = 15.0.28307.1259
MinimumVisualStudioVersion = 10.0.40219.1
Project("{2150E333-8FDC-42A3-9474-1A3956D46DE8}") = "Solution Items", "Solution Items", "{3910634F-16C9-436E-B302-8DF0C18959C3}"
EndProject
Project("{159641D6-6404-4A2A-AE62-294DE0FE8301}") = "SSIS Pacakages", "SSIS ETL\SSIS Pacakages.dtproj", "{7762C845-1207-4852-8472-60B860BE584D}"
EndProject
Project("{00D1A9C2-B5F0-4AF3-8072-F6C62B433612}") = "SSDT DatabaseOLTP", "SSDT Database\SSDT DatabaseOLTP.sqlproj", "{C2B65FB0-56B8-4D92-B884-D1E629BCBA33}"
EndProject
Project("{F14B399A-7131-4C87-9E4B-1186C45EF12D}") = "SSRS Server Reports", "SSRS Server Reports\SSRS Server Reports.rptproj", "{D0BD8844-A33C-4246-9856-A543AD8C2B25}"
EndProject
Project("{00D1A9C2-B5F0-4AF3-8072-F6C62B433612}") = "SSDT DatawarehouseOLTP", "SSDT Datawarehouse\SSDT DatawarehouseOLTP.sqlproj", "{2E53CC84-0F3F-439C-A6F0-6CBD63921362}"
EndProject
Project("{F14B399A-7131-4C87-9E4B-1186C45EF12D}") = "SSRS Sample Reports", "SSRS Sample Reports\SSRS Sample Reports.rptproj", "{1D480C6D-D088-4E75-9BC4-9D1188477F2E}"
EndProject
Project("{D2ABAB84-BF74-430A-B69E-9DC6D40DDA17}") = "SSAS MultidimensionalOLAP", "SSAS MOLAP\SSAS MultidimensionalOLAP.dwproj", "{D446AF41-1F13-42B6-BD7F-6BEC34D37CBC}"
EndProject
Project("{FAE04EC0-301F-11D3-BF4B-00C04F79EFBC}") = "Data Simulation Data Inserts", "..\..\Mark Kenneth Suyat\Code Samples\GIT Files\SSMS\SQL Server Samples\samples\databases\wide-world-importers\workload-drivers\order-insert\MultithreadedOrderInsert\Data Simulation Data Inserts.csproj", "{35325643-119B-40C9-9F95-BE22CB062599}"
EndProject
Global
	GlobalSection(SolutionConfigurationPlatforms) = preSolution
		Debug|Any CPU = Debug|Any CPU
		Debug|x86 = Debug|x86
		DebugLocal|Any CPU = DebugLocal|Any CPU
		DebugLocal|x86 = DebugLocal|x86
		Development|Any CPU = Development|Any CPU
		Development|x86 = Development|x86
		Release|Any CPU = Release|Any CPU
		Release|x86 = Release|x86
	EndGlobalSection
	GlobalSection(ProjectConfigurationPlatforms) = postSolution
		{7762C845-1207-4852-8472-60B860BE584D}.Debug|Any CPU.ActiveCfg = Development
		{7762C845-1207-4852-8472-60B860BE584D}.Debug|Any CPU.Build.0 = Development
		{7762C845-1207-4852-8472-60B860BE584D}.Debug|x86.ActiveCfg = Development
		{7762C845-1207-4852-8472-60B860BE584D}.Debug|x86.Build.0 = Development
		{7762C845-1207-4852-8472-60B860BE584D}.DebugLocal|Any CPU.ActiveCfg = Development
		{7762C845-1207-4852-8472-60B860BE584D}.DebugLocal|Any CPU.Build.0 = Development
		{7762C845-1207-4852-8472-60B860BE584D}.DebugLocal|x86.ActiveCfg = Development
		{7762C845-1207-4852-8472-60B860BE584D}.DebugLocal|x86.Build.0 = Development
		{7762C845-1207-4852-8472-60B860BE584D}.Development|Any CPU.ActiveCfg = Development
		{7762C845-1207-4852-8472-60B860BE584D}.Development|Any CPU.Build.0 = Development
		{7762C845-1207-4852-8472-60B860BE584D}.Development|x86.ActiveCfg = Development
		{7762C845-1207-4852-8472-60B860BE584D}.Development|x86.Build.0 = Development
		{7762C845-1207-4852-8472-60B860BE584D}.Release|Any CPU.ActiveCfg = Development
		{7762C845-1207-4852-8472-60B860BE584D}.Release|Any CPU.Build.0 = Development
		{7762C845-1207-4852-8472-60B860BE584D}.Release|x86.ActiveCfg = Development
		{7762C845-1207-4852-8472-60B860BE584D}.Release|x86.Build.0 = Development
		{C2B65FB0-56B8-4D92-B884-D1E629BCBA33}.Debug|Any CPU.ActiveCfg = Debug|Any CPU
		{C2B65FB0-56B8-4D92-B884-D1E629BCBA33}.Debug|Any CPU.Build.0 = Debug|Any CPU
		{C2B65FB0-56B8-4D92-B884-D1E629BCBA33}.Debug|Any CPU.Deploy.0 = Debug|Any CPU
		{C2B65FB0-56B8-4D92-B884-D1E629BCBA33}.Debug|x86.ActiveCfg = Debug|Any CPU
		{C2B65FB0-56B8-4D92-B884-D1E629BCBA33}.Debug|x86.Build.0 = Debug|Any CPU
		{C2B65FB0-56B8-4D92-B884-D1E629BCBA33}.Debug|x86.Deploy.0 = Debug|Any CPU
		{C2B65FB0-56B8-4D92-B884-D1E629BCBA33}.DebugLocal|Any CPU.ActiveCfg = Debug|Any CPU
		{C2B65FB0-56B8-4D92-B884-D1E629BCBA33}.DebugLocal|Any CPU.Build.0 = Debug|Any CPU
		{C2B65FB0-56B8-4D92-B884-D1E629BCBA33}.DebugLocal|Any CPU.Deploy.0 = Debug|Any CPU
		{C2B65FB0-56B8-4D92-B884-D1E629BCBA33}.DebugLocal|x86.ActiveCfg = Debug|Any CPU
		{C2B65FB0-56B8-4D92-B884-D1E629BCBA33}.DebugLocal|x86.Build.0 = Debug|Any CPU
		{C2B65FB0-56B8-4D92-B884-D1E629BCBA33}.DebugLocal|x86.Deploy.0 = Debug|Any CPU
		{C2B65FB0-56B8-4D92-B884-D1E629BCBA33}.Development|Any CPU.ActiveCfg = Debug|Any CPU
		{C2B65FB0-56B8-4D92-B884-D1E629BCBA33}.Development|Any CPU.Build.0 = Debug|Any CPU
		{C2B65FB0-56B8-4D92-B884-D1E629BCBA33}.Development|Any CPU.Deploy.0 = Debug|Any CPU
		{C2B65FB0-56B8-4D92-B884-D1E629BCBA33}.Development|x86.ActiveCfg = Debug|Any CPU
		{C2B65FB0-56B8-4D92-B884-D1E629BCBA33}.Development|x86.Build.0 = Debug|Any CPU
		{C2B65FB0-56B8-4D92-B884-D1E629BCBA33}.Development|x86.Deploy.0 = Debug|Any CPU
		{C2B65FB0-56B8-4D92-B884-D1E629BCBA33}.Release|Any CPU.ActiveCfg = Release|Any CPU
		{C2B65FB0-56B8-4D92-B884-D1E629BCBA33}.Release|Any CPU.Build.0 = Release|Any CPU
		{C2B65FB0-56B8-4D92-B884-D1E629BCBA33}.Release|Any CPU.Deploy.0 = Release|Any CPU
		{C2B65FB0-56B8-4D92-B884-D1E629BCBA33}.Release|x86.ActiveCfg = Release|Any CPU
		{C2B65FB0-56B8-4D92-B884-D1E629BCBA33}.Release|x86.Build.0 = Release|Any CPU
		{C2B65FB0-56B8-4D92-B884-D1E629BCBA33}.Release|x86.Deploy.0 = Release|Any CPU
		{D0BD8844-A33C-4246-9856-A543AD8C2B25}.Debug|Any CPU.ActiveCfg = Debug
		{D0BD8844-A33C-4246-9856-A543AD8C2B25}.Debug|Any CPU.Build.0 = Debug
		{D0BD8844-A33C-4246-9856-A543AD8C2B25}.Debug|Any CPU.Deploy.0 = Debug
		{D0BD8844-A33C-4246-9856-A543AD8C2B25}.Debug|x86.ActiveCfg = Debug
		{D0BD8844-A33C-4246-9856-A543AD8C2B25}.Debug|x86.Build.0 = Debug
		{D0BD8844-A33C-4246-9856-A543AD8C2B25}.Debug|x86.Deploy.0 = Debug
		{D0BD8844-A33C-4246-9856-A543AD8C2B25}.DebugLocal|Any CPU.ActiveCfg = DebugLocal
		{D0BD8844-A33C-4246-9856-A543AD8C2B25}.DebugLocal|Any CPU.Build.0 = DebugLocal
		{D0BD8844-A33C-4246-9856-A543AD8C2B25}.DebugLocal|Any CPU.Deploy.0 = DebugLocal
		{D0BD8844-A33C-4246-9856-A543AD8C2B25}.DebugLocal|x86.ActiveCfg = DebugLocal
		{D0BD8844-A33C-4246-9856-A543AD8C2B25}.DebugLocal|x86.Build.0 = DebugLocal
		{D0BD8844-A33C-4246-9856-A543AD8C2B25}.DebugLocal|x86.Deploy.0 = DebugLocal
		{D0BD8844-A33C-4246-9856-A543AD8C2B25}.Development|Any CPU.ActiveCfg = 
		{D0BD8844-A33C-4246-9856-A543AD8C2B25}.Development|Any CPU.Build.0 = 
		{D0BD8844-A33C-4246-9856-A543AD8C2B25}.Development|Any CPU.Deploy.0 = 
		{D0BD8844-A33C-4246-9856-A543AD8C2B25}.Development|x86.ActiveCfg = 
		{D0BD8844-A33C-4246-9856-A543AD8C2B25}.Development|x86.Build.0 = 
		{D0BD8844-A33C-4246-9856-A543AD8C2B25}.Development|x86.Deploy.0 = 
		{D0BD8844-A33C-4246-9856-A543AD8C2B25}.Release|Any CPU.ActiveCfg = Release
		{D0BD8844-A33C-4246-9856-A543AD8C2B25}.Release|Any CPU.Build.0 = Release
		{D0BD8844-A33C-4246-9856-A543AD8C2B25}.Release|Any CPU.Deploy.0 = Release
		{D0BD8844-A33C-4246-9856-A543AD8C2B25}.Release|x86.ActiveCfg = Release
		{D0BD8844-A33C-4246-9856-A543AD8C2B25}.Release|x86.Build.0 = Release
		{D0BD8844-A33C-4246-9856-A543AD8C2B25}.Release|x86.Deploy.0 = Release
		{2E53CC84-0F3F-439C-A6F0-6CBD63921362}.Debug|Any CPU.ActiveCfg = Debug|Any CPU
		{2E53CC84-0F3F-439C-A6F0-6CBD63921362}.Debug|Any CPU.Build.0 = Debug|Any CPU
		{2E53CC84-0F3F-439C-A6F0-6CBD63921362}.Debug|Any CPU.Deploy.0 = Debug|Any CPU
		{2E53CC84-0F3F-439C-A6F0-6CBD63921362}.Debug|x86.ActiveCfg = Debug|Any CPU
		{2E53CC84-0F3F-439C-A6F0-6CBD63921362}.Debug|x86.Build.0 = Debug|Any CPU
		{2E53CC84-0F3F-439C-A6F0-6CBD63921362}.Debug|x86.Deploy.0 = Debug|Any CPU
		{2E53CC84-0F3F-439C-A6F0-6CBD63921362}.DebugLocal|Any CPU.ActiveCfg = Debug|Any CPU
		{2E53CC84-0F3F-439C-A6F0-6CBD63921362}.DebugLocal|Any CPU.Build.0 = Debug|Any CPU
		{2E53CC84-0F3F-439C-A6F0-6CBD63921362}.DebugLocal|Any CPU.Deploy.0 = Debug|Any CPU
		{2E53CC84-0F3F-439C-A6F0-6CBD63921362}.DebugLocal|x86.ActiveCfg = Debug|Any CPU
		{2E53CC84-0F3F-439C-A6F0-6CBD63921362}.DebugLocal|x86.Build.0 = Debug|Any CPU
		{2E53CC84-0F3F-439C-A6F0-6CBD63921362}.DebugLocal|x86.Deploy.0 = Debug|Any CPU
		{2E53CC84-0F3F-439C-A6F0-6CBD63921362}.Development|Any CPU.ActiveCfg = Debug|Any CPU
		{2E53CC84-0F3F-439C-A6F0-6CBD63921362}.Development|Any CPU.Build.0 = Debug|Any CPU
		{2E53CC84-0F3F-439C-A6F0-6CBD63921362}.Development|Any CPU.Deploy.0 = Debug|Any CPU
		{2E53CC84-0F3F-439C-A6F0-6CBD63921362}.Development|x86.ActiveCfg = Debug|Any CPU
		{2E53CC84-0F3F-439C-A6F0-6CBD63921362}.Development|x86.Build.0 = Debug|Any CPU
		{2E53CC84-0F3F-439C-A6F0-6CBD63921362}.Development|x86.Deploy.0 = Debug|Any CPU
		{2E53CC84-0F3F-439C-A6F0-6CBD63921362}.Release|Any CPU.ActiveCfg = Release|Any CPU
		{2E53CC84-0F3F-439C-A6F0-6CBD63921362}.Release|Any CPU.Build.0 = Release|Any CPU
		{2E53CC84-0F3F-439C-A6F0-6CBD63921362}.Release|Any CPU.Deploy.0 = Release|Any CPU
		{2E53CC84-0F3F-439C-A6F0-6CBD63921362}.Release|x86.ActiveCfg = Release|Any CPU
		{2E53CC84-0F3F-439C-A6F0-6CBD63921362}.Release|x86.Build.0 = Release|Any CPU
		{2E53CC84-0F3F-439C-A6F0-6CBD63921362}.Release|x86.Deploy.0 = Release|Any CPU
		{1D480C6D-D088-4E75-9BC4-9D1188477F2E}.Debug|Any CPU.ActiveCfg = Debug
		{1D480C6D-D088-4E75-9BC4-9D1188477F2E}.Debug|Any CPU.Build.0 = Debug
		{1D480C6D-D088-4E75-9BC4-9D1188477F2E}.Debug|Any CPU.Deploy.0 = Debug
		{1D480C6D-D088-4E75-9BC4-9D1188477F2E}.Debug|x86.ActiveCfg = Debug
		{1D480C6D-D088-4E75-9BC4-9D1188477F2E}.Debug|x86.Build.0 = Debug
		{1D480C6D-D088-4E75-9BC4-9D1188477F2E}.Debug|x86.Deploy.0 = Debug
		{1D480C6D-D088-4E75-9BC4-9D1188477F2E}.DebugLocal|Any CPU.ActiveCfg = DebugLocal
		{1D480C6D-D088-4E75-9BC4-9D1188477F2E}.DebugLocal|Any CPU.Build.0 = DebugLocal
		{1D480C6D-D088-4E75-9BC4-9D1188477F2E}.DebugLocal|Any CPU.Deploy.0 = DebugLocal
		{1D480C6D-D088-4E75-9BC4-9D1188477F2E}.DebugLocal|x86.ActiveCfg = DebugLocal
		{1D480C6D-D088-4E75-9BC4-9D1188477F2E}.DebugLocal|x86.Build.0 = DebugLocal
		{1D480C6D-D088-4E75-9BC4-9D1188477F2E}.DebugLocal|x86.Deploy.0 = DebugLocal
		{1D480C6D-D088-4E75-9BC4-9D1188477F2E}.Development|Any CPU.ActiveCfg = 
		{1D480C6D-D088-4E75-9BC4-9D1188477F2E}.Development|Any CPU.Build.0 = 
		{1D480C6D-D088-4E75-9BC4-9D1188477F2E}.Development|Any CPU.Deploy.0 = 
		{1D480C6D-D088-4E75-9BC4-9D1188477F2E}.Development|x86.ActiveCfg = 
		{1D480C6D-D088-4E75-9BC4-9D1188477F2E}.Development|x86.Build.0 = 
		{1D480C6D-D088-4E75-9BC4-9D1188477F2E}.Development|x86.Deploy.0 = 
		{1D480C6D-D088-4E75-9BC4-9D1188477F2E}.Release|Any CPU.ActiveCfg = Release
		{1D480C6D-D088-4E75-9BC4-9D1188477F2E}.Release|Any CPU.Build.0 = Release
		{1D480C6D-D088-4E75-9BC4-9D1188477F2E}.Release|Any CPU.Deploy.0 = Release
		{1D480C6D-D088-4E75-9BC4-9D1188477F2E}.Release|x86.ActiveCfg = Release
		{1D480C6D-D088-4E75-9BC4-9D1188477F2E}.Release|x86.Build.0 = Release
		{1D480C6D-D088-4E75-9BC4-9D1188477F2E}.Release|x86.Deploy.0 = Release
		{D446AF41-1F13-42B6-BD7F-6BEC34D37CBC}.Debug|Any CPU.ActiveCfg = Development
		{D446AF41-1F13-42B6-BD7F-6BEC34D37CBC}.Debug|Any CPU.Build.0 = Development
		{D446AF41-1F13-42B6-BD7F-6BEC34D37CBC}.Debug|Any CPU.Deploy.0 = Development
		{D446AF41-1F13-42B6-BD7F-6BEC34D37CBC}.Debug|x86.ActiveCfg = Development
		{D446AF41-1F13-42B6-BD7F-6BEC34D37CBC}.Debug|x86.Build.0 = Development
		{D446AF41-1F13-42B6-BD7F-6BEC34D37CBC}.Debug|x86.Deploy.0 = Development
		{D446AF41-1F13-42B6-BD7F-6BEC34D37CBC}.DebugLocal|Any CPU.ActiveCfg = Development
		{D446AF41-1F13-42B6-BD7F-6BEC34D37CBC}.DebugLocal|Any CPU.Build.0 = Development
		{D446AF41-1F13-42B6-BD7F-6BEC34D37CBC}.DebugLocal|Any CPU.Deploy.0 = Development
		{D446AF41-1F13-42B6-BD7F-6BEC34D37CBC}.DebugLocal|x86.ActiveCfg = Development
		{D446AF41-1F13-42B6-BD7F-6BEC34D37CBC}.DebugLocal|x86.Build.0 = Development
		{D446AF41-1F13-42B6-BD7F-6BEC34D37CBC}.DebugLocal|x86.Deploy.0 = Development
		{D446AF41-1F13-42B6-BD7F-6BEC34D37CBC}.Development|Any CPU.ActiveCfg = Development
		{D446AF41-1F13-42B6-BD7F-6BEC34D37CBC}.Development|Any CPU.Build.0 = Development
		{D446AF41-1F13-42B6-BD7F-6BEC34D37CBC}.Development|Any CPU.Deploy.0 = Development
		{D446AF41-1F13-42B6-BD7F-6BEC34D37CBC}.Development|x86.ActiveCfg = Development
		{D446AF41-1F13-42B6-BD7F-6BEC34D37CBC}.Development|x86.Build.0 = Development
		{D446AF41-1F13-42B6-BD7F-6BEC34D37CBC}.Development|x86.Deploy.0 = Development
		{D446AF41-1F13-42B6-BD7F-6BEC34D37CBC}.Release|Any CPU.ActiveCfg = Development
		{D446AF41-1F13-42B6-BD7F-6BEC34D37CBC}.Release|Any CPU.Build.0 = Development
		{D446AF41-1F13-42B6-BD7F-6BEC34D37CBC}.Release|Any CPU.Deploy.0 = Development
		{D446AF41-1F13-42B6-BD7F-6BEC34D37CBC}.Release|x86.ActiveCfg = Development
		{D446AF41-1F13-42B6-BD7F-6BEC34D37CBC}.Release|x86.Build.0 = Development
		{D446AF41-1F13-42B6-BD7F-6BEC34D37CBC}.Release|x86.Deploy.0 = Development
		{35325643-119B-40C9-9F95-BE22CB062599}.Debug|Any CPU.ActiveCfg = Debug|Any CPU
		{35325643-119B-40C9-9F95-BE22CB062599}.Debug|Any CPU.Build.0 = Debug|Any CPU
		{35325643-119B-40C9-9F95-BE22CB062599}.Debug|x86.ActiveCfg = Debug|Any CPU
		{35325643-119B-40C9-9F95-BE22CB062599}.Debug|x86.Build.0 = Debug|Any CPU
		{35325643-119B-40C9-9F95-BE22CB062599}.DebugLocal|Any CPU.ActiveCfg = Debug|Any CPU
		{35325643-119B-40C9-9F95-BE22CB062599}.DebugLocal|Any CPU.Build.0 = Debug|Any CPU
		{35325643-119B-40C9-9F95-BE22CB062599}.DebugLocal|x86.ActiveCfg = Debug|Any CPU
		{35325643-119B-40C9-9F95-BE22CB062599}.DebugLocal|x86.Build.0 = Debug|Any CPU
		{35325643-119B-40C9-9F95-BE22CB062599}.Development|Any CPU.ActiveCfg = Debug|Any CPU
		{35325643-119B-40C9-9F95-BE22CB062599}.Development|Any CPU.Build.0 = Debug|Any CPU
		{35325643-119B-40C9-9F95-BE22CB062599}.Development|x86.ActiveCfg = Debug|Any CPU
		{35325643-119B-40C9-9F95-BE22CB062599}.Development|x86.Build.0 = Debug|Any CPU
		{35325643-119B-40C9-9F95-BE22CB062599}.Release|Any CPU.ActiveCfg = Release|Any CPU
		{35325643-119B-40C9-9F95-BE22CB062599}.Release|Any CPU.Build.0 = Release|Any CPU
		{35325643-119B-40C9-9F95-BE22CB062599}.Release|x86.ActiveCfg = Release|Any CPU
		{35325643-119B-40C9-9F95-BE22CB062599}.Release|x86.Build.0 = Release|Any CPU
	EndGlobalSection
	GlobalSection(SolutionProperties) = preSolution
		HideSolutionNode = FALSE
	EndGlobalSection
	GlobalSection(ExtensibilityGlobals) = postSolution
		SolutionGuid = {59E47945-6F85-424E-ABF1-94678C79D711}
	EndGlobalSection
EndGlobal
